
Microsoft Visual Studio Solution File, Format Version 12.00
# Visual Studio Version 16
VisualStudioVersion = 16.0.29806.167
MinimumVisualStudioVersion = 10.0.40219.1
Project("{8BC9CEB8-8B4A-11D0-8D11-00A0C91BC942}") = "SD_T3_pb3", "SD_T3_pb3.vcxproj", "{E7A864F3-6E41-4DB6-A3B6-343576DDFDEF}"
EndProject
Global
	GlobalSection(SolutionConfigurationPlatforms) = preSolution
		Debug|x64 = Debug|x64
		Debug|x86 = Debug|x86
		Release|x64 = Release|x64
		Release|x86 = Release|x86
	EndGlobalSection
	GlobalSection(ProjectConfigurationPlatforms) = postSolution
		{E7A864F3-6E41-4DB6-A3B6-343576DDFDEF}.Debug|x64.ActiveCfg = Debug|x64
		{E7A864F3-6E41-4DB6-A3B6-343576DDFDEF}.Debug|x64.Build.0 = Debug|x64
		{E7A864F3-6E41-4DB6-A3B6-343576DDFDEF}.Debug|x86.ActiveCfg = Debug|Win32
		{E7A864F3-6E41-4DB6-A3B6-343576DDFDEF}.Debug|x86.Build.0 = Debug|Win32
		{E7A864F3-6E41-4DB6-A3B6-343576DDFDEF}.Release|x64.ActiveCfg = Release|x64
		{E7A864F3-6E41-4DB6-A3B6-343576DDFDEF}.Release|x64.Build.0 = Release|x64
		{E7A864F3-6E41-4DB6-A3B6-343576DDFDEF}.Release|x86.ActiveCfg = Release|Win32
		{E7A864F3-6E41-4DB6-A3B6-343576DDFDEF}.Release|x86.Build.0 = Release|Win32
	EndGlobalSection
	GlobalSection(SolutionProperties) = preSolution
		HideSolutionNode = FALSE
	EndGlobalSection
	GlobalSection(ExtensibilityGlobals) = postSolution
		SolutionGuid = {77AE3303-1D02-4834-8653-4552C8EC7055}
	EndGlobalSection
EndGlobal
